
Microsoft Visual Studio Solution File, Format Version 12.00
# Visual Studio Version 17
VisualStudioVersion = 17.3.32825.248
MinimumVisualStudioVersion = 10.0.40219.1
Project("{FAE04EC0-301F-11D3-BF4B-00C04F79EFBC}") = "skyetechCBHRAP", "skyetechCBHRAP\skyetechCBHRAP.csproj", "{08EC6CDD-2D8C-42D4-A7A7-223F4D6A352A}"
EndProject
Global
	GlobalSection(SolutionConfigurationPlatforms) = preSolution
		Debug|Any CPU = Debug|Any CPU
		Release|Any CPU = Release|Any CPU
	EndGlobalSection
	GlobalSection(ProjectConfigurationPlatforms) = postSolution
		{08EC6CDD-2D8C-42D4-A7A7-223F4D6A352A}.Debug|Any CPU.ActiveCfg = Debug|Any CPU
		{08EC6CDD-2D8C-42D4-A7A7-223F4D6A352A}.Debug|Any CPU.Build.0 = Debug|Any CPU
		{08EC6CDD-2D8C-42D4-A7A7-223F4D6A352A}.Release|Any CPU.ActiveCfg = Release|Any CPU
		{08EC6CDD-2D8C-42D4-A7A7-223F4D6A352A}.Release|Any CPU.Build.0 = Release|Any CPU
	EndGlobalSection
	GlobalSection(SolutionProperties) = preSolution
		HideSolutionNode = FALSE
	EndGlobalSection
	GlobalSection(ExtensibilityGlobals) = postSolution
		SolutionGuid = {81EB7CE8-880A-4C29-8821-513D08B90AE7}
	EndGlobalSection
EndGlobal
